
Microsoft Visual Studio Solution File, Format Version 12.00
# Visual Studio Version 17
VisualStudioVersion = 17.11.35208.52
MinimumVisualStudioVersion = 10.0.40219.1
Project("{FAE04EC0-301F-11D3-BF4B-00C04F79EFBC}") = "find-repeated-number", "find-repeated-number\find-repeated-number.csproj", "{E5BC9467-CF63-4659-8CAC-378F30106869}"
EndProject
Global
	GlobalSection(SolutionConfigurationPlatforms) = preSolution
		Debug|Any CPU = Debug|Any CPU
		Release|Any CPU = Release|Any CPU
	EndGlobalSection
	GlobalSection(ProjectConfigurationPlatforms) = postSolution
		{E5BC9467-CF63-4659-8CAC-378F30106869}.Debug|Any CPU.ActiveCfg = Debug|Any CPU
		{E5BC9467-CF63-4659-8CAC-378F30106869}.Debug|Any CPU.Build.0 = Debug|Any CPU
		{E5BC9467-CF63-4659-8CAC-378F30106869}.Release|Any CPU.ActiveCfg = Release|Any CPU
		{E5BC9467-CF63-4659-8CAC-378F30106869}.Release|Any CPU.Build.0 = Release|Any CPU
	EndGlobalSection
	GlobalSection(SolutionProperties) = preSolution
		HideSolutionNode = FALSE
	EndGlobalSection
	GlobalSection(ExtensibilityGlobals) = postSolution
		SolutionGuid = {49209752-F69C-4902-92B8-DA21E4B3AC8F}
	EndGlobalSection
EndGlobal
