
Microsoft Visual Studio Solution File, Format Version 12.00
# Visual Studio Version 17
VisualStudioVersion = 17.11.35208.52
MinimumVisualStudioVersion = 10.0.40219.1
Project("{FAE04EC0-301F-11D3-BF4B-00C04F79EFBC}") = "exercicio-try-catch-finally", "exercicio-try-catch-finally\exercicio-try-catch-finally.csproj", "{8192D178-2940-4537-B0F4-EC80C70A2B9B}"
EndProject
Global
	GlobalSection(SolutionConfigurationPlatforms) = preSolution
		Debug|Any CPU = Debug|Any CPU
		Release|Any CPU = Release|Any CPU
	EndGlobalSection
	GlobalSection(ProjectConfigurationPlatforms) = postSolution
		{8192D178-2940-4537-B0F4-EC80C70A2B9B}.Debug|Any CPU.ActiveCfg = Debug|Any CPU
		{8192D178-2940-4537-B0F4-EC80C70A2B9B}.Debug|Any CPU.Build.0 = Debug|Any CPU
		{8192D178-2940-4537-B0F4-EC80C70A2B9B}.Release|Any CPU.ActiveCfg = Release|Any CPU
		{8192D178-2940-4537-B0F4-EC80C70A2B9B}.Release|Any CPU.Build.0 = Release|Any CPU
	EndGlobalSection
	GlobalSection(SolutionProperties) = preSolution
		HideSolutionNode = FALSE
	EndGlobalSection
	GlobalSection(ExtensibilityGlobals) = postSolution
		SolutionGuid = {A6694245-C70F-4639-8A8A-D6D18BD87B47}
	EndGlobalSection
EndGlobal
